
Microsoft Visual Studio Solution File, Format Version 12.00
# Visual Studio 14
VisualStudioVersion = 14.0.25420.1
MinimumVisualStudioVersion = 10.0.40219.1
Project("{2150E333-8FDC-42A3-9474-1A3956D46DE8}") = "src", "src", "{AC26CFD7-AFC9-42BC-B9C7-C6E675B60F81}"
EndProject
Project("{2150E333-8FDC-42A3-9474-1A3956D46DE8}") = "Solution Items", "Solution Items", "{27696B34-4733-43A0-81D9-04C24940DD55}"
	ProjectSection(SolutionItems) = preProject
		global.json = global.json
	EndProjectSection
EndProject
Project("{8BB2217D-0F2D-49D1-97BC-3654ED321F3B}") = "InterpretGO", "src\InterpretGO\InterpretGO.xproj", "{430C4F6F-1E94-4559-9803-43796ABCADB2}"
EndProject
Global
	GlobalSection(SolutionConfigurationPlatforms) = preSolution
		Debug|Any CPU = Debug|Any CPU
		Release|Any CPU = Release|Any CPU
	EndGlobalSection
	GlobalSection(ProjectConfigurationPlatforms) = postSolution
		{430C4F6F-1E94-4559-9803-43796ABCADB2}.Debug|Any CPU.ActiveCfg = Debug|Any CPU
		{430C4F6F-1E94-4559-9803-43796ABCADB2}.Debug|Any CPU.Build.0 = Debug|Any CPU
		{430C4F6F-1E94-4559-9803-43796ABCADB2}.Release|Any CPU.ActiveCfg = Release|Any CPU
		{430C4F6F-1E94-4559-9803-43796ABCADB2}.Release|Any CPU.Build.0 = Release|Any CPU
	EndGlobalSection
	GlobalSection(SolutionProperties) = preSolution
		HideSolutionNode = FALSE
	EndGlobalSection
	GlobalSection(NestedProjects) = preSolution
		{430C4F6F-1E94-4559-9803-43796ABCADB2} = {AC26CFD7-AFC9-42BC-B9C7-C6E675B60F81}
	EndGlobalSection
EndGlobal
